# This file is autogenerated, do not edit; changes may be undone by the next 'dep ensure'.


[[projects]]
  branch = "master"
  name = "golang.org/x/sys"
  packages = ["windows","windows/registry"]
  revision = "91ee8cde435411ca3f1cd365e8f20131aed4d0a1"

[solve-meta]
  analyzer-name = "dep"
  analyzer-version = 1
  inputs-digest = "77ee36dcac804453545508f2e37956f0a9ce36059f1598ff267ce56b54818f9c"
  solver-name = "gps-cdcl"
  solver-version = 1
